
Microsoft Visual Studio Solution File, Format Version 12.00
# Visual Studio Version 17
VisualStudioVersion = 17.14.36811.4 d17.14
MinimumVisualStudioVersion = 10.0.40219.1
Project("{FAE04EC0-301F-11D3-BF4B-00C04F79EFBC}") = "poly", "poly\poly.csproj", "{B4B7A063-CCEA-4715-BDCE-7DB46F1B06C8}"
EndProject
Global
	GlobalSection(SolutionConfigurationPlatforms) = preSolution
		Debug|Any CPU = Debug|Any CPU
		Release|Any CPU = Release|Any CPU
	EndGlobalSection
	GlobalSection(ProjectConfigurationPlatforms) = postSolution
		{B4B7A063-CCEA-4715-BDCE-7DB46F1B06C8}.Debug|Any CPU.ActiveCfg = Debug|Any CPU
		{B4B7A063-CCEA-4715-BDCE-7DB46F1B06C8}.Debug|Any CPU.Build.0 = Debug|Any CPU
		{B4B7A063-CCEA-4715-BDCE-7DB46F1B06C8}.Release|Any CPU.ActiveCfg = Release|Any CPU
		{B4B7A063-CCEA-4715-BDCE-7DB46F1B06C8}.Release|Any CPU.Build.0 = Release|Any CPU
	EndGlobalSection
	GlobalSection(SolutionProperties) = preSolution
		HideSolutionNode = FALSE
	EndGlobalSection
	GlobalSection(ExtensibilityGlobals) = postSolution
		SolutionGuid = {FFEC338D-337D-438D-B813-FD17A8F90F1B}
	EndGlobalSection
EndGlobal
